
Microsoft Visual Studio Solution File, Format Version 12.00
# Visual Studio Version 17
VisualStudioVersion = 17.14.37411.7
MinimumVisualStudioVersion = 10.0.40219.1
Project("{FAE04EC0-301F-11D3-BF4B-00C04F79EFBC}") = "MainProject", "MainProject\MainProject.csproj", "{4D4E788D-B2BD-42FF-AE59-459404405586}"
EndProject
Project("{FAE04EC0-301F-11D3-BF4B-00C04F79EFBC}") = "ProgramTests", "ProgramTests\ProgramTests.csproj", "{D37A5CC8-8867-4D31-9E21-179A0A6EF709}"
EndProject
Global
	GlobalSection(SolutionConfigurationPlatforms) = preSolution
		Debug|Any CPU = Debug|Any CPU
		Release|Any CPU = Release|Any CPU
	EndGlobalSection
	GlobalSection(ProjectConfigurationPlatforms) = postSolution
		{4D4E788D-B2BD-42FF-AE59-459404405586}.Debug|Any CPU.ActiveCfg = Debug|Any CPU
		{4D4E788D-B2BD-42FF-AE59-459404405586}.Debug|Any CPU.Build.0 = Debug|Any CPU
		{4D4E788D-B2BD-42FF-AE59-459404405586}.Release|Any CPU.ActiveCfg = Release|Any CPU
		{4D4E788D-B2BD-42FF-AE59-459404405586}.Release|Any CPU.Build.0 = Release|Any CPU
		{D37A5CC8-8867-4D31-9E21-179A0A6EF709}.Debug|Any CPU.ActiveCfg = Debug|Any CPU
		{D37A5CC8-8867-4D31-9E21-179A0A6EF709}.Debug|Any CPU.Build.0 = Debug|Any CPU
		{D37A5CC8-8867-4D31-9E21-179A0A6EF709}.Release|Any CPU.ActiveCfg = Release|Any CPU
		{D37A5CC8-8867-4D31-9E21-179A0A6EF709}.Release|Any CPU.Build.0 = Release|Any CPU
	EndGlobalSection
	GlobalSection(SolutionProperties) = preSolution
		HideSolutionNode = FALSE
	EndGlobalSection
	GlobalSection(ExtensibilityGlobals) = postSolution
		SolutionGuid = {AF2BF795-5D6C-456F-9B98-B2F323253B25}
	EndGlobalSection
EndGlobal
