
Microsoft Visual Studio Solution File, Format Version 12.00
# Visual Studio Version 17
VisualStudioVersion = 17.14.37411.7 d17.14
MinimumVisualStudioVersion = 10.0.40219.1
Project("{FAE04EC0-301F-11D3-BF4B-00C04F79EFBC}") = "sem-1-practice-2", "sem-1-practice-2\sem-1-practice-2.csproj", "{00BD1A62-5B85-4DB5-9085-AA726038323E}"
EndProject
Global
	GlobalSection(SolutionConfigurationPlatforms) = preSolution
		Debug|Any CPU = Debug|Any CPU
		Release|Any CPU = Release|Any CPU
	EndGlobalSection
	GlobalSection(ProjectConfigurationPlatforms) = postSolution
		{00BD1A62-5B85-4DB5-9085-AA726038323E}.Debug|Any CPU.ActiveCfg = Debug|Any CPU
		{00BD1A62-5B85-4DB5-9085-AA726038323E}.Debug|Any CPU.Build.0 = Debug|Any CPU
		{00BD1A62-5B85-4DB5-9085-AA726038323E}.Release|Any CPU.ActiveCfg = Release|Any CPU
		{00BD1A62-5B85-4DB5-9085-AA726038323E}.Release|Any CPU.Build.0 = Release|Any CPU
	EndGlobalSection
	GlobalSection(SolutionProperties) = preSolution
		HideSolutionNode = FALSE
	EndGlobalSection
	GlobalSection(ExtensibilityGlobals) = postSolution
		SolutionGuid = {C30452E7-8EA5-4416-A66C-F94A870F77A6}
	EndGlobalSection
EndGlobal
