
Microsoft Visual Studio Solution File, Format Version 12.00
# Visual Studio Version 17
VisualStudioVersion = 17.14.37411.7
MinimumVisualStudioVersion = 10.0.40219.1
Project("{FAE04EC0-301F-11D3-BF4B-00C04F79EFBC}") = "MainProject", "MainProject\MainProject.csproj", "{61F3AF5E-86EA-453C-A411-53B4D32DB607}"
EndProject
Project("{FAE04EC0-301F-11D3-BF4B-00C04F79EFBC}") = "ProgramTests", "ProgramTests\ProgramTests.csproj", "{22CFEF82-2747-4674-AC15-E207D2EA06C3}"
EndProject
Global
	GlobalSection(SolutionConfigurationPlatforms) = preSolution
		Debug|Any CPU = Debug|Any CPU
		Release|Any CPU = Release|Any CPU
	EndGlobalSection
	GlobalSection(ProjectConfigurationPlatforms) = postSolution
		{61F3AF5E-86EA-453C-A411-53B4D32DB607}.Debug|Any CPU.ActiveCfg = Debug|Any CPU
		{61F3AF5E-86EA-453C-A411-53B4D32DB607}.Debug|Any CPU.Build.0 = Debug|Any CPU
		{61F3AF5E-86EA-453C-A411-53B4D32DB607}.Release|Any CPU.ActiveCfg = Release|Any CPU
		{61F3AF5E-86EA-453C-A411-53B4D32DB607}.Release|Any CPU.Build.0 = Release|Any CPU
		{22CFEF82-2747-4674-AC15-E207D2EA06C3}.Debug|Any CPU.ActiveCfg = Debug|Any CPU
		{22CFEF82-2747-4674-AC15-E207D2EA06C3}.Debug|Any CPU.Build.0 = Debug|Any CPU
		{22CFEF82-2747-4674-AC15-E207D2EA06C3}.Release|Any CPU.ActiveCfg = Release|Any CPU
		{22CFEF82-2747-4674-AC15-E207D2EA06C3}.Release|Any CPU.Build.0 = Release|Any CPU
	EndGlobalSection
	GlobalSection(SolutionProperties) = preSolution
		HideSolutionNode = FALSE
	EndGlobalSection
	GlobalSection(ExtensibilityGlobals) = postSolution
		SolutionGuid = {82433848-F6AC-4BBF-A0F5-30B3685D198E}
	EndGlobalSection
EndGlobal
